// !$*UTF8*$!
{
	archiveVersion = 1;
	classes = {
	};
	objectVersion = 56;
	objects = {

/* Begin PBXBuildFile section */
		3C76EAB42B84FB0600661217 /* SwiftFulFirebaseBootcampApp.swift in Sources */ = {isa = PBXBuildFile; fileRef = 3C76EAB32B84FB0600661217 /* SwiftFulFirebaseBootcampApp.swift */; };
		3C76EAB62B84FB0600661217 /* ContentView.swift in Sources */ = {isa = PBXBuildFile; fileRef = 3C76EAB52B84FB0600661217 /* ContentView.swift */; };
		3C76EAB82B84FB0700661217 /* Assets.xcassets in Resources */ = {isa = PBXBuildFile; fileRef = 3C76EAB72B84FB0700661217 /* Assets.xcassets */; };
		3C76EABB2B84FB0700661217 /* Preview Assets.xcassets in Resources */ = {isa = PBXBuildFile; fileRef = 3C76EABA2B84FB0700661217 /* Preview Assets.xcassets */; };
		3C76EAC52B84FE6A00661217 /* FirebaseAnalytics in Frameworks */ = {isa = PBXBuildFile; productRef = 3C76EAC42B84FE6A00661217 /* FirebaseAnalytics */; };
		3C76EAC72B84FE6A00661217 /* FirebaseAnalyticsOnDeviceConversion in Frameworks */ = {isa = PBXBuildFile; productRef = 3C76EAC62B84FE6A00661217 /* FirebaseAnalyticsOnDeviceConversion */; };
		3C76EAC92B84FE6A00661217 /* FirebaseAnalyticsSwift in Frameworks */ = {isa = PBXBuildFile; productRef = 3C76EAC82B84FE6A00661217 /* FirebaseAnalyticsSwift */; };
		3C76EACB2B84FE6A00661217 /* FirebaseAnalyticsWithoutAdIdSupport in Frameworks */ = {isa = PBXBuildFile; productRef = 3C76EACA2B84FE6A00661217 /* FirebaseAnalyticsWithoutAdIdSupport */; };
		3C76EACD2B84FE6A00661217 /* FirebaseAppCheck in Frameworks */ = {isa = PBXBuildFile; productRef = 3C76EACC2B84FE6A00661217 /* FirebaseAppCheck */; };
		3C76EAD02B85029300661217 /* FirebaseAuth in Frameworks */ = {isa = PBXBuildFile; productRef = 3C76EACF2B85029300661217 /* FirebaseAuth */; };
		3C76EAD32B85031A00661217 /* AuthenticationView.swift in Sources */ = {isa = PBXBuildFile; fileRef = 3C76EAD22B85031A00661217 /* AuthenticationView.swift */; };
		3C76EAD52B85047200661217 /* SignInEmailView.swift in Sources */ = {isa = PBXBuildFile; fileRef = 3C76EAD42B85047200661217 /* SignInEmailView.swift */; };
		3C76EAD72B8505EF00661217 /* AuthenticationManager.swift in Sources */ = {isa = PBXBuildFile; fileRef = 3C76EAD62B8505EF00661217 /* AuthenticationManager.swift */; };
		3C76EAD92B850D6300661217 /* RootView.swift in Sources */ = {isa = PBXBuildFile; fileRef = 3C76EAD82B850D6300661217 /* RootView.swift */; };
		3C76EADB2B85120300661217 /* SettingsView.swift in Sources */ = {isa = PBXBuildFile; fileRef = 3C76EADA2B85120300661217 /* SettingsView.swift */; };
		3C76EADD2B87B94F00661217 /* GoogleService-Info.plist in Resources */ = {isa = PBXBuildFile; fileRef = 3C76EADC2B87B94F00661217 /* GoogleService-Info.plist */; };
		3C76EAE02B87BA0100661217 /* GoogleSignIn in Frameworks */ = {isa = PBXBuildFile; productRef = 3C76EADF2B87BA0100661217 /* GoogleSignIn */; };
		3C76EAE22B87BA0100661217 /* GoogleSignInSwift in Frameworks */ = {isa = PBXBuildFile; productRef = 3C76EAE12B87BA0100661217 /* GoogleSignInSwift */; };
		3C76EAE62B87BEB000661217 /* Utilities.swift in Sources */ = {isa = PBXBuildFile; fileRef = 3C76EAE52B87BEB000661217 /* Utilities.swift */; };
		3C76EAE82B87CACB00661217 /* SignInGoogleHelper.swift in Sources */ = {isa = PBXBuildFile; fileRef = 3C76EAE72B87CACB00661217 /* SignInGoogleHelper.swift */; };
/* End PBXBuildFile section */

/* Begin PBXFileReference section */
		3C76EAB02B84FB0600661217 /* SwiftFulFirebaseBootcamp.app */ = {isa = PBXFileReference; explicitFileType = wrapper.application; includeInIndex = 0; path = SwiftFulFirebaseBootcamp.app; sourceTree = BUILT_PRODUCTS_DIR; };
		3C76EAB32B84FB0600661217 /* SwiftFulFirebaseBootcampApp.swift */ = {isa = PBXFileReference; lastKnownFileType = sourcecode.swift; path = SwiftFulFirebaseBootcampApp.swift; sourceTree = "<group>"; };
		3C76EAB52B84FB0600661217 /* ContentView.swift */ = {isa = PBXFileReference; lastKnownFileType = sourcecode.swift; path = ContentView.swift; sourceTree = "<group>"; };
		3C76EAB72B84FB0700661217 /* Assets.xcassets */ = {isa = PBXFileReference; lastKnownFileType = folder.assetcatalog; path = Assets.xcassets; sourceTree = "<group>"; };
		3C76EABA2B84FB0700661217 /* Preview Assets.xcassets */ = {isa = PBXFileReference; lastKnownFileType = folder.assetcatalog; path = "Preview Assets.xcassets"; sourceTree = "<group>"; };
		3C76EAD22B85031A00661217 /* AuthenticationView.swift */ = {isa = PBXFileReference; lastKnownFileType = sourcecode.swift; path = AuthenticationView.swift; sourceTree = "<group>"; };
		3C76EAD42B85047200661217 /* SignInEmailView.swift */ = {isa = PBXFileReference; lastKnownFileType = sourcecode.swift; path = SignInEmailView.swift; sourceTree = "<group>"; };
		3C76EAD62B8505EF00661217 /* AuthenticationManager.swift */ = {isa = PBXFileReference; lastKnownFileType = sourcecode.swift; path = AuthenticationManager.swift; sourceTree = "<group>"; };
		3C76EAD82B850D6300661217 /* RootView.swift */ = {isa = PBXFileReference; lastKnownFileType = sourcecode.swift; path = RootView.swift; sourceTree = "<group>"; };
		3C76EADA2B85120300661217 /* SettingsView.swift */ = {isa = PBXFileReference; lastKnownFileType = sourcecode.swift; path = SettingsView.swift; sourceTree = "<group>"; };
		3C76EADC2B87B94F00661217 /* GoogleService-Info.plist */ = {isa = PBXFileReference; fileEncoding = 4; lastKnownFileType = text.plist.xml; path = "GoogleService-Info.plist"; sourceTree = "<group>"; };
		3C76EAE32B87BA5B00661217 /* Info.plist */ = {isa = PBXFileReference; lastKnownFileType = text.plist; path = Info.plist; sourceTree = "<group>"; };
		3C76EAE52B87BEB000661217 /* Utilities.swift */ = {isa = PBXFileReference; lastKnownFileType = sourcecode.swift; path = Utilities.swift; sourceTree = "<group>"; };
		3C76EAE72B87CACB00661217 /* SignInGoogleHelper.swift */ = {isa = PBXFileReference; lastKnownFileType = sourcecode.swift; path = SignInGoogleHelper.swift; sourceTree = "<group>"; };
/* End PBXFileReference section */

/* Begin PBXFrameworksBuildPhase section */
		3C76EAAD2B84FB0600661217 /* Frameworks */ = {
			isa = PBXFrameworksBuildPhase;
			buildActionMask = 2147483647;
			files = (
				3C76EAC92B84FE6A00661217 /* FirebaseAnalyticsSwift in Frameworks */,
				3C76EAD02B85029300661217 /* FirebaseAuth in Frameworks */,
				3C76EAC52B84FE6A00661217 /* FirebaseAnalytics in Frameworks */,
				3C76EAE22B87BA0100661217 /* GoogleSignInSwift in Frameworks */,
				3C76EAC72B84FE6A00661217 /* FirebaseAnalyticsOnDeviceConversion in Frameworks */,
				3C76EACD2B84FE6A00661217 /* FirebaseAppCheck in Frameworks */,
				3C76EACB2B84FE6A00661217 /* FirebaseAnalyticsWithoutAdIdSupport in Frameworks */,
				3C76EAE02B87BA0100661217 /* GoogleSignIn in Frameworks */,
			);
			runOnlyForDeploymentPostprocessing = 0;
		};
/* End PBXFrameworksBuildPhase section */

/* Begin PBXGroup section */
		3C76EAA72B84FB0600661217 = {
			isa = PBXGroup;
			children = (
				3C76EAB22B84FB0600661217 /* SwiftFulFirebaseBootcamp */,
				3C76EAB12B84FB0600661217 /* Products */,
				3C76EACE2B85029300661217 /* Frameworks */,
			);
			sourceTree = "<group>";
		};
		3C76EAB12B84FB0600661217 /* Products */ = {
			isa = PBXGroup;
			children = (
				3C76EAB02B84FB0600661217 /* SwiftFulFirebaseBootcamp.app */,
			);
			name = Products;
			sourceTree = "<group>";
		};
		3C76EAB22B84FB0600661217 /* SwiftFulFirebaseBootcamp */ = {
			isa = PBXGroup;
			children = (
				3C76EAE32B87BA5B00661217 /* Info.plist */,
				3C76EADC2B87B94F00661217 /* GoogleService-Info.plist */,
				3C76EAB32B84FB0600661217 /* SwiftFulFirebaseBootcampApp.swift */,
				3C76EAB52B84FB0600661217 /* ContentView.swift */,
				3C76EAE42B87BE9C00661217 /* Utilities */,
				3C76EAD12B8502F800661217 /* Authentication */,
				3C76EAB72B84FB0700661217 /* Assets.xcassets */,
				3C76EAB92B84FB0700661217 /* Preview Content */,
			);
			path = SwiftFulFirebaseBootcamp;
			sourceTree = "<group>";
		};
		3C76EAB92B84FB0700661217 /* Preview Content */ = {
			isa = PBXGroup;
			children = (
				3C76EABA2B84FB0700661217 /* Preview Assets.xcassets */,
			);
			path = "Preview Content";
			sourceTree = "<group>";
		};
		3C76EACE2B85029300661217 /* Frameworks */ = {
			isa = PBXGroup;
			children = (
			);
			name = Frameworks;
			sourceTree = "<group>";
		};
		3C76EAD12B8502F800661217 /* Authentication */ = {
			isa = PBXGroup;
			children = (
				3C76EAD82B850D6300661217 /* RootView.swift */,
				3C76EAD22B85031A00661217 /* AuthenticationView.swift */,
				3C76EAD42B85047200661217 /* SignInEmailView.swift */,
				3C76EAD62B8505EF00661217 /* AuthenticationManager.swift */,
				3C76EADA2B85120300661217 /* SettingsView.swift */,
				3C76EAE72B87CACB00661217 /* SignInGoogleHelper.swift */,
			);
			path = Authentication;
			sourceTree = "<group>";
		};
		3C76EAE42B87BE9C00661217 /* Utilities */ = {
			isa = PBXGroup;
			children = (
				3C76EAE52B87BEB000661217 /* Utilities.swift */,
			);
			path = Utilities;
			sourceTree = "<group>";
		};
/* End PBXGroup section */

/* Begin PBXNativeTarget section */
		3C76EAAF2B84FB0600661217 /* SwiftFulFirebaseBootcamp */ = {
			isa = PBXNativeTarget;
			buildConfigurationList = 3C76EABE2B84FB0700661217 /* Build configuration list for PBXNativeTarget "SwiftFulFirebaseBootcamp" */;
			buildPhases = (
				3C76EAAC2B84FB0600661217 /* Sources */,
				3C76EAAD2B84FB0600661217 /* Frameworks */,
				3C76EAAE2B84FB0600661217 /* Resources */,
			);
			buildRules = (
			);
			dependencies = (
			);
			name = SwiftFulFirebaseBootcamp;
			packageProductDependencies = (
				3C76EAC42B84FE6A00661217 /* FirebaseAnalytics */,
				3C76EAC62B84FE6A00661217 /* FirebaseAnalyticsOnDeviceConversion */,
				3C76EAC82B84FE6A00661217 /* FirebaseAnalyticsSwift */,
				3C76EACA2B84FE6A00661217 /* FirebaseAnalyticsWithoutAdIdSupport */,
				3C76EACC2B84FE6A00661217 /* FirebaseAppCheck */,
				3C76EACF2B85029300661217 /* FirebaseAuth */,
				3C76EADF2B87BA0100661217 /* GoogleSignIn */,
				3C76EAE12B87BA0100661217 /* GoogleSignInSwift */,
			);
			productName = SwiftFulFirebaseBootcamp;
			productReference = 3C76EAB02B84FB0600661217 /* SwiftFulFirebaseBootcamp.app */;
			productType = "com.apple.product-type.application";
		};
/* End PBXNativeTarget section */

/* Begin PBXProject section */
		3C76EAA82B84FB0600661217 /* Project object */ = {
			isa = PBXProject;
			attributes = {
				BuildIndependentTargetsInParallel = 1;
				LastSwiftUpdateCheck = 1520;
				LastUpgradeCheck = 1520;
				TargetAttributes = {
					3C76EAAF2B84FB0600661217 = {
						CreatedOnToolsVersion = 15.2;
					};
				};
			};
			buildConfigurationList = 3C76EAAB2B84FB0600661217 /* Build configuration list for PBXProject "SwiftFulFirebaseBootcamp" */;
			compatibilityVersion = "Xcode 14.0";
			developmentRegion = en;
			hasScannedForEncodings = 0;
			knownRegions = (
				en,
				Base,
			);
			mainGroup = 3C76EAA72B84FB0600661217;
			packageReferences = (
				3C76EAC32B84FE6A00661217 /* XCRemoteSwiftPackageReference "firebase-ios-sdk" */,
				3C76EADE2B87BA0100661217 /* XCRemoteSwiftPackageReference "GoogleSignIn-iOS" */,
			);
			productRefGroup = 3C76EAB12B84FB0600661217 /* Products */;
			projectDirPath = "";
			projectRoot = "";
			targets = (
				3C76EAAF2B84FB0600661217 /* SwiftFulFirebaseBootcamp */,
			);
		};
/* End PBXProject section */

/* Begin PBXResourcesBuildPhase section */
		3C76EAAE2B84FB0600661217 /* Resources */ = {
			isa = PBXResourcesBuildPhase;
			buildActionMask = 2147483647;
			files = (
				3C76EABB2B84FB0700661217 /* Preview Assets.xcassets in Resources */,
				3C76EAB82B84FB0700661217 /* Assets.xcassets in Resources */,
				3C76EADD2B87B94F00661217 /* GoogleService-Info.plist in Resources */,
			);
			runOnlyForDeploymentPostprocessing = 0;
		};
/* End PBXResourcesBuildPhase section */

/* Begin PBXSourcesBuildPhase section */
		3C76EAAC2B84FB0600661217 /* Sources */ = {
			isa = PBXSourcesBuildPhase;
			buildActionMask = 2147483647;
			files = (
				3C76EADB2B85120300661217 /* SettingsView.swift in Sources */,
				3C76EAB62B84FB0600661217 /* ContentView.swift in Sources */,
				3C76EAB42B84FB0600661217 /* SwiftFulFirebaseBootcampApp.swift in Sources */,
				3C76EAD92B850D6300661217 /* RootView.swift in Sources */,
				3C76EAE82B87CACB00661217 /* SignInGoogleHelper.swift in Sources */,
				3C76EAD32B85031A00661217 /* AuthenticationView.swift in Sources */,
				3C76EAD72B8505EF00661217 /* AuthenticationManager.swift in Sources */,
				3C76EAE62B87BEB000661217 /* Utilities.swift in Sources */,
				3C76EAD52B85047200661217 /* SignInEmailView.swift in Sources */,
			);
			runOnlyForDeploymentPostprocessing = 0;
		};
/* End PBXSourcesBuildPhase section */

/* Begin XCBuildConfiguration section */
		3C76EABC2B84FB0700661217 /* Debug */ = {
			isa = XCBuildConfiguration;
			buildSettings = {
				ALWAYS_SEARCH_USER_PATHS = NO;
				ASSETCATALOG_COMPILER_GENERATE_SWIFT_ASSET_SYMBOL_EXTENSIONS = YES;
				CLANG_ANALYZER_NONNULL = YES;
				CLANG_ANALYZER_NUMBER_OBJECT_CONVERSION = YES_AGGRESSIVE;
				CLANG_CXX_LANGUAGE_STANDARD = "gnu++20";
				CLANG_ENABLE_MODULES = YES;
				CLANG_ENABLE_OBJC_ARC = YES;
				CLANG_ENABLE_OBJC_WEAK = YES;
				CLANG_WARN_BLOCK_CAPTURE_AUTORELEASING = YES;
				CLANG_WARN_BOOL_CONVERSION = YES;
				CLANG_WARN_COMMA = YES;
				CLANG_WARN_CONSTANT_CONVERSION = YES;
				CLANG_WARN_DEPRECATED_OBJC_IMPLEMENTATIONS = YES;
				CLANG_WARN_DIRECT_OBJC_ISA_USAGE = YES_ERROR;
				CLANG_WARN_DOCUMENTATION_COMMENTS = YES;
				CLANG_WARN_EMPTY_BODY = YES;
				CLANG_WARN_ENUM_CONVERSION = YES;
				CLANG_WARN_INFINITE_RECURSION = YES;
				CLANG_WARN_INT_CONVERSION = YES;
				CLANG_WARN_NON_LITERAL_NULL_CONVERSION = YES;
				CLANG_WARN_OBJC_IMPLICIT_RETAIN_SELF = YES;
				CLANG_WARN_OBJC_LITERAL_CONVERSION = YES;
				CLANG_WARN_OBJC_ROOT_CLASS = YES_ERROR;
				CLANG_WARN_QUOTED_INCLUDE_IN_FRAMEWORK_HEADER = YES;
				CLANG_WARN_RANGE_LOOP_ANALYSIS = YES;
				CLANG_WARN_STRICT_PROTOTYPES = YES;
				CLANG_WARN_SUSPICIOUS_MOVE = YES;
				CLANG_WARN_UNGUARDED_AVAILABILITY = YES_AGGRESSIVE;
				CLANG_WARN_UNREACHABLE_CODE = YES;
				CLANG_WARN__DUPLICATE_METHOD_MATCH = YES;
				COPY_PHASE_STRIP = NO;
				DEBUG_INFORMATION_FORMAT = dwarf;
				ENABLE_STRICT_OBJC_MSGSEND = YES;
				ENABLE_TESTABILITY = YES;
				ENABLE_USER_SCRIPT_SANDBOXING = YES;
				GCC_C_LANGUAGE_STANDARD = gnu17;
				GCC_DYNAMIC_NO_PIC = NO;
				GCC_NO_COMMON_BLOCKS = YES;
				GCC_OPTIMIZATION_LEVEL = 0;
				GCC_PREPROCESSOR_DEFINITIONS = (
					"DEBUG=1",
					"$(inherited)",
				);
				GCC_WARN_64_TO_32_BIT_CONVERSION = YES;
				GCC_WARN_ABOUT_RETURN_TYPE = YES_ERROR;
				GCC_WARN_UNDECLARED_SELECTOR = YES;
				GCC_WARN_UNINITIALIZED_AUTOS = YES_AGGRESSIVE;
				GCC_WARN_UNUSED_FUNCTION = YES;
				GCC_WARN_UNUSED_VARIABLE = YES;
				IPHONEOS_DEPLOYMENT_TARGET = 17.2;
				LOCALIZATION_PREFERS_STRING_CATALOGS = YES;
				MTL_ENABLE_DEBUG_INFO = INCLUDE_SOURCE;
				MTL_FAST_MATH = YES;
				ONLY_ACTIVE_ARCH = YES;
				SDKROOT = iphoneos;
				SWIFT_ACTIVE_COMPILATION_CONDITIONS = "DEBUG $(inherited)";
				SWIFT_OPTIMIZATION_LEVEL = "-Onone";
			};
			name = Debug;
		};
		3C76EABD2B84FB0700661217 /* Release */ = {
			isa = XCBuildConfiguration;
			buildSettings = {
				ALWAYS_SEARCH_USER_PATHS = NO;
				ASSETCATALOG_COMPILER_GENERATE_SWIFT_ASSET_SYMBOL_EXTENSIONS = YES;
				CLANG_ANALYZER_NONNULL = YES;
				CLANG_ANALYZER_NUMBER_OBJECT_CONVERSION = YES_AGGRESSIVE;
				CLANG_CXX_LANGUAGE_STANDARD = "gnu++20";
				CLANG_ENABLE_MODULES = YES;
				CLANG_ENABLE_OBJC_ARC = YES;
				CLANG_ENABLE_OBJC_WEAK = YES;
				CLANG_WARN_BLOCK_CAPTURE_AUTORELEASING = YES;
				CLANG_WARN_BOOL_CONVERSION = YES;
				CLANG_WARN_COMMA = YES;
				CLANG_WARN_CONSTANT_CONVERSION = YES;
				CLANG_WARN_DEPRECATED_OBJC_IMPLEMENTATIONS = YES;
				CLANG_WARN_DIRECT_OBJC_ISA_USAGE = YES_ERROR;
				CLANG_WARN_DOCUMENTATION_COMMENTS = YES;
				CLANG_WARN_EMPTY_BODY = YES;
				CLANG_WARN_ENUM_CONVERSION = YES;
				CLANG_WARN_INFINITE_RECURSION = YES;
				CLANG_WARN_INT_CONVERSION = YES;
				CLANG_WARN_NON_LITERAL_NULL_CONVERSION = YES;
				CLANG_WARN_OBJC_IMPLICIT_RETAIN_SELF = YES;
				CLANG_WARN_OBJC_LITERAL_CONVERSION = YES;
				CLANG_WARN_OBJC_ROOT_CLASS = YES_ERROR;
				CLANG_WARN_QUOTED_INCLUDE_IN_FRAMEWORK_HEADER = YES;
				CLANG_WARN_RANGE_LOOP_ANALYSIS = YES;
				CLANG_WARN_STRICT_PROTOTYPES = YES;
				CLANG_WARN_SUSPICIOUS_MOVE = YES;
				CLANG_WARN_UNGUARDED_AVAILABILITY = YES_AGGRESSIVE;
				CLANG_WARN_UNREACHABLE_CODE = YES;
				CLANG_WARN__DUPLICATE_METHOD_MATCH = YES;
				COPY_PHASE_STRIP = NO;
				DEBUG_INFORMATION_FORMAT = "dwarf-with-dsym";
				ENABLE_NS_ASSERTIONS = NO;
				ENABLE_STRICT_OBJC_MSGSEND = YES;
				ENABLE_USER_SCRIPT_SANDBOXING = YES;
				GCC_C_LANGUAGE_STANDARD = gnu17;
				GCC_NO_COMMON_BLOCKS = YES;
				GCC_WARN_64_TO_32_BIT_CONVERSION = YES;
				GCC_WARN_ABOUT_RETURN_TYPE = YES_ERROR;
				GCC_WARN_UNDECLARED_SELECTOR = YES;
				GCC_WARN_UNINITIALIZED_AUTOS = YES_AGGRESSIVE;
				GCC_WARN_UNUSED_FUNCTION = YES;
				GCC_WARN_UNUSED_VARIABLE = YES;
				IPHONEOS_DEPLOYMENT_TARGET = 17.2;
				LOCALIZATION_PREFERS_STRING_CATALOGS = YES;
				MTL_ENABLE_DEBUG_INFO = NO;
				MTL_FAST_MATH = YES;
				SDKROOT = iphoneos;
				SWIFT_COMPILATION_MODE = wholemodule;
				VALIDATE_PRODUCT = YES;
			};
			name = Release;
		};
		3C76EABF2B84FB0700661217 /* Debug */ = {
			isa = XCBuildConfiguration;
			buildSettings = {
				ASSETCATALOG_COMPILER_APPICON_NAME = AppIcon;
				ASSETCATALOG_COMPILER_GLOBAL_ACCENT_COLOR_NAME = AccentColor;
				CODE_SIGN_STYLE = Automatic;
				CURRENT_PROJECT_VERSION = 1;
				DEVELOPMENT_ASSET_PATHS = "\"SwiftFulFirebaseBootcamp/Preview Content\"";
				DEVELOPMENT_TEAM = V75RX7AUTF;
				ENABLE_PREVIEWS = YES;
				GENERATE_INFOPLIST_FILE = YES;
				INFOPLIST_FILE = SwiftFulFirebaseBootcamp/Info.plist;
				INFOPLIST_KEY_UIApplicationSceneManifest_Generation = YES;
				INFOPLIST_KEY_UIApplicationSupportsIndirectInputEvents = YES;
				INFOPLIST_KEY_UILaunchScreen_Generation = YES;
				INFOPLIST_KEY_UISupportedInterfaceOrientations_iPad = "UIInterfaceOrientationPortrait UIInterfaceOrientationPortraitUpsideDown UIInterfaceOrientationLandscapeLeft UIInterfaceOrientationLandscapeRight";
				INFOPLIST_KEY_UISupportedInterfaceOrientations_iPhone = "UIInterfaceOrientationPortrait UIInterfaceOrientationLandscapeLeft UIInterfaceOrientationLandscapeRight";
				LD_RUNPATH_SEARCH_PATHS = (
					"$(inherited)",
					"@executable_path/Frameworks",
				);
				MARKETING_VERSION = 1.0;
				PRODUCT_BUNDLE_IDENTIFIER = com.jobin.SwiftFulFirebaseBootcamp;
				PRODUCT_NAME = "$(TARGET_NAME)";
				SWIFT_EMIT_LOC_STRINGS = YES;
				SWIFT_VERSION = 5.0;
				TARGETED_DEVICE_FAMILY = "1,2";
			};
			name = Debug;
		};
		3C76EAC02B84FB0700661217 /* Release */ = {
			isa = XCBuildConfiguration;
			buildSettings = {
				ASSETCATALOG_COMPILER_APPICON_NAME = AppIcon;
				ASSETCATALOG_COMPILER_GLOBAL_ACCENT_COLOR_NAME = AccentColor;
				CODE_SIGN_STYLE = Automatic;
				CURRENT_PROJECT_VERSION = 1;
				DEVELOPMENT_ASSET_PATHS = "\"SwiftFulFirebaseBootcamp/Preview Content\"";
				DEVELOPMENT_TEAM = V75RX7AUTF;
				ENABLE_PREVIEWS = YES;
				GENERATE_INFOPLIST_FILE = YES;
				INFOPLIST_FILE = SwiftFulFirebaseBootcamp/Info.plist;
				INFOPLIST_KEY_UIApplicationSceneManifest_Generation = YES;
				INFOPLIST_KEY_UIApplicationSupportsIndirectInputEvents = YES;
				INFOPLIST_KEY_UILaunchScreen_Generation = YES;
				INFOPLIST_KEY_UISupportedInterfaceOrientations_iPad = "UIInterfaceOrientationPortrait UIInterfaceOrientationPortraitUpsideDown UIInterfaceOrientationLandscapeLeft UIInterfaceOrientationLandscapeRight";
				INFOPLIST_KEY_UISupportedInterfaceOrientations_iPhone = "UIInterfaceOrientationPortrait UIInterfaceOrientationLandscapeLeft UIInterfaceOrientationLandscapeRight";
				LD_RUNPATH_SEARCH_PATHS = (
					"$(inherited)",
					"@executable_path/Frameworks",
				);
				MARKETING_VERSION = 1.0;
				PRODUCT_BUNDLE_IDENTIFIER = com.jobin.SwiftFulFirebaseBootcamp;
				PRODUCT_NAME = "$(TARGET_NAME)";
				SWIFT_EMIT_LOC_STRINGS = YES;
				SWIFT_VERSION = 5.0;
				TARGETED_DEVICE_FAMILY = "1,2";
			};
			name = Release;
		};
/* End XCBuildConfiguration section */

/* Begin XCConfigurationList section */
		3C76EAAB2B84FB0600661217 /* Build configuration list for PBXProject "SwiftFulFirebaseBootcamp" */ = {
			isa = XCConfigurationList;
			buildConfigurations = (
				3C76EABC2B84FB0700661217 /* Debug */,
				3C76EABD2B84FB0700661217 /* Release */,
			);
			defaultConfigurationIsVisible = 0;
			defaultConfigurationName = Release;
		};
		3C76EABE2B84FB0700661217 /* Build configuration list for PBXNativeTarget "SwiftFulFirebaseBootcamp" */ = {
			isa = XCConfigurationList;
			buildConfigurations = (
				3C76EABF2B84FB0700661217 /* Debug */,
				3C76EAC02B84FB0700661217 /* Release */,
			);
			defaultConfigurationIsVisible = 0;
			defaultConfigurationName = Release;
		};
/* End XCConfigurationList section */

/* Begin XCRemoteSwiftPackageReference section */
		3C76EAC32B84FE6A00661217 /* XCRemoteSwiftPackageReference "firebase-ios-sdk" */ = {
			isa = XCRemoteSwiftPackageReference;
			repositoryURL = "https://github.com/firebase/firebase-ios-sdk.git";
			requirement = {
				kind = upToNextMajorVersion;
				minimumVersion = 10.21.0;
			};
		};
		3C76EADE2B87BA0100661217 /* XCRemoteSwiftPackageReference "GoogleSignIn-iOS" */ = {
			isa = XCRemoteSwiftPackageReference;
			repositoryURL = "https://github.com/google/GoogleSignIn-iOS.git";
			requirement = {
				kind = upToNextMajorVersion;
				minimumVersion = 7.0.0;
			};
		};
/* End XCRemoteSwiftPackageReference section */

/* Begin XCSwiftPackageProductDependency section */
		3C76EAC42B84FE6A00661217 /* FirebaseAnalytics */ = {
			isa = XCSwiftPackageProductDependency;
			package = 3C76EAC32B84FE6A00661217 /* XCRemoteSwiftPackageReference "firebase-ios-sdk" */;
			productName = FirebaseAnalytics;
		};
		3C76EAC62B84FE6A00661217 /* FirebaseAnalyticsOnDeviceConversion */ = {
			isa = XCSwiftPackageProductDependency;
			package = 3C76EAC32B84FE6A00661217 /* XCRemoteSwiftPackageReference "firebase-ios-sdk" */;
			productName = FirebaseAnalyticsOnDeviceConversion;
		};
		3C76EAC82B84FE6A00661217 /* FirebaseAnalyticsSwift */ = {
			isa = XCSwiftPackageProductDependency;
			package = 3C76EAC32B84FE6A00661217 /* XCRemoteSwiftPackageReference "firebase-ios-sdk" */;
			productName = FirebaseAnalyticsSwift;
		};
		3C76EACA2B84FE6A00661217 /* FirebaseAnalyticsWithoutAdIdSupport */ = {
			isa = XCSwiftPackageProductDependency;
			package = 3C76EAC32B84FE6A00661217 /* XCRemoteSwiftPackageReference "firebase-ios-sdk" */;
			productName = FirebaseAnalyticsWithoutAdIdSupport;
		};
		3C76EACC2B84FE6A00661217 /* FirebaseAppCheck */ = {
			isa = XCSwiftPackageProductDependency;
			package = 3C76EAC32B84FE6A00661217 /* XCRemoteSwiftPackageReference "firebase-ios-sdk" */;
			productName = FirebaseAppCheck;
		};
		3C76EACF2B85029300661217 /* FirebaseAuth */ = {
			isa = XCSwiftPackageProductDependency;
			package = 3C76EAC32B84FE6A00661217 /* XCRemoteSwiftPackageReference "firebase-ios-sdk" */;
			productName = FirebaseAuth;
		};
		3C76EADF2B87BA0100661217 /* GoogleSignIn */ = {
			isa = XCSwiftPackageProductDependency;
			package = 3C76EADE2B87BA0100661217 /* XCRemoteSwiftPackageReference "GoogleSignIn-iOS" */;
			productName = GoogleSignIn;
		};
		3C76EAE12B87BA0100661217 /* GoogleSignInSwift */ = {
			isa = XCSwiftPackageProductDependency;
			package = 3C76EADE2B87BA0100661217 /* XCRemoteSwiftPackageReference "GoogleSignIn-iOS" */;
			productName = GoogleSignInSwift;
		};
/* End XCSwiftPackageProductDependency section */
	};
	rootObject = 3C76EAA82B84FB0600661217 /* Project object */;
}
