// !$*UTF8*$!
{
	archiveVersion = 1;
	classes = {
	};
	objectVersion = 56;
	objects = {

/* Begin PBXBuildFile section */
		3C03F3E329CB56DD00512FC9 /* ImageBootcamp.swift in Sources */ = {isa = PBXBuildFile; fileRef = 3C03F3E229CB56DD00512FC9 /* ImageBootcamp.swift */; };
		3C03F3E529CC757600512FC9 /* FrameBootcamp.swift in Sources */ = {isa = PBXBuildFile; fileRef = 3C03F3E429CC757600512FC9 /* FrameBootcamp.swift */; };
		3C03F3E729CCB06B00512FC9 /* BackgroundAndOverlayBootcamp.swift in Sources */ = {isa = PBXBuildFile; fileRef = 3C03F3E629CCB06B00512FC9 /* BackgroundAndOverlayBootcamp.swift */; };
		3C03F3E929CDF9F900512FC9 /* StacksBootcamp.swift in Sources */ = {isa = PBXBuildFile; fileRef = 3C03F3E829CDF9F900512FC9 /* StacksBootcamp.swift */; };
		3C03F3EB29D1F45C00512FC9 /* PaddingBootcamp.swift in Sources */ = {isa = PBXBuildFile; fileRef = 3C03F3EA29D1F45C00512FC9 /* PaddingBootcamp.swift */; };
		3C03F3ED29D20DB400512FC9 /* SpacerBootcamp.swift in Sources */ = {isa = PBXBuildFile; fileRef = 3C03F3EC29D20DB400512FC9 /* SpacerBootcamp.swift */; };
		3C3D175829B6610600D3C86E /* SwiftfulThinkingBootcampApp.swift in Sources */ = {isa = PBXBuildFile; fileRef = 3C3D175729B6610600D3C86E /* SwiftfulThinkingBootcampApp.swift */; };
		3C3D175A29B6610600D3C86E /* ContentView.swift in Sources */ = {isa = PBXBuildFile; fileRef = 3C3D175929B6610600D3C86E /* ContentView.swift */; };
		3C3D175C29B6610700D3C86E /* Assets.xcassets in Resources */ = {isa = PBXBuildFile; fileRef = 3C3D175B29B6610700D3C86E /* Assets.xcassets */; };
		3C3D175F29B6610700D3C86E /* Preview Assets.xcassets in Resources */ = {isa = PBXBuildFile; fileRef = 3C3D175E29B6610700D3C86E /* Preview Assets.xcassets */; };
		3C3D176629B7CC5B00D3C86E /* TextBootcamp.swift in Sources */ = {isa = PBXBuildFile; fileRef = 3C3D176529B7CC5B00D3C86E /* TextBootcamp.swift */; };
		3C3D176829C39D1D00D3C86E /* ShapesBootcamp.swift in Sources */ = {isa = PBXBuildFile; fileRef = 3C3D176729C39D1D00D3C86E /* ShapesBootcamp.swift */; };
		3C3D176A29C3A58F00D3C86E /* ColorsBootcamp.swift in Sources */ = {isa = PBXBuildFile; fileRef = 3C3D176929C3A58F00D3C86E /* ColorsBootcamp.swift */; };
		3C3D176C29C3B3F000D3C86E /* GradientsBootcamp.swift in Sources */ = {isa = PBXBuildFile; fileRef = 3C3D176B29C3B3F000D3C86E /* GradientsBootcamp.swift */; };
		3C3FE44629D46B59007F97B1 /* InitializerBootcamp.swift in Sources */ = {isa = PBXBuildFile; fileRef = 3C3FE44529D46B59007F97B1 /* InitializerBootcamp.swift */; };
		3C4F1E322A0B75A20024697E /* ListBootcamp.swift in Sources */ = {isa = PBXBuildFile; fileRef = 3C4F1E312A0B75A20024697E /* ListBootcamp.swift */; };
		3C4F1E382A0EA2E30024697E /* AlertBootcamp.swift in Sources */ = {isa = PBXBuildFile; fileRef = 3C4F1E372A0EA2E30024697E /* AlertBootcamp.swift */; };
		3C5866F029D7577600B0522D /* GridBootcamp.swift in Sources */ = {isa = PBXBuildFile; fileRef = 3C5866EF29D7577600B0522D /* GridBootcamp.swift */; };
		3C5866F229D7814A00B0522D /* SafeAreaBootcamp.swift in Sources */ = {isa = PBXBuildFile; fileRef = 3C5866F129D7814A00B0522D /* SafeAreaBootcamp.swift */; };
		3C5EC89E29D73E860034D498 /* ForEachBootcamp.swift in Sources */ = {isa = PBXBuildFile; fileRef = 3C5EC89D29D73E860034D498 /* ForEachBootcamp.swift */; };
		3C5EC8A029D749CC0034D498 /* ScrollViewBootcamp.swift in Sources */ = {isa = PBXBuildFile; fileRef = 3C5EC89F29D749CC0034D498 /* ScrollViewBootcamp.swift */; };
		3C798AE429DF4A9400616B11 /* AnimationsBootcamp.swift in Sources */ = {isa = PBXBuildFile; fileRef = 3C798AE329DF4A9400616B11 /* AnimationsBootcamp.swift */; };
		3C8346B429DC6CAE00540BB5 /* StateBootcamp.swift in Sources */ = {isa = PBXBuildFile; fileRef = 3C8346B329DC6CAE00540BB5 /* StateBootcamp.swift */; };
		3C8346B629DC70B500540BB5 /* ExtractedFunctionsBootcamp.swift in Sources */ = {isa = PBXBuildFile; fileRef = 3C8346B529DC70B500540BB5 /* ExtractedFunctionsBootcamp.swift */; };
		3C8346B829DC78A200540BB5 /* ExtractSubviewsBootcamp.swift in Sources */ = {isa = PBXBuildFile; fileRef = 3C8346B729DC78A200540BB5 /* ExtractSubviewsBootcamp.swift */; };
		3C8346BA29DC7FFD00540BB5 /* BindingBootcamp.swift in Sources */ = {isa = PBXBuildFile; fileRef = 3C8346B929DC7FFD00540BB5 /* BindingBootcamp.swift */; };
		3C8346BC29DC8ACF00540BB5 /* ConditionalBootcamp.swift in Sources */ = {isa = PBXBuildFile; fileRef = 3C8346BB29DC8ACF00540BB5 /* ConditionalBootcamp.swift */; };
		3C8346BE29DCA35800540BB5 /* TernaryBootcamp.swift in Sources */ = {isa = PBXBuildFile; fileRef = 3C8346BD29DCA35800540BB5 /* TernaryBootcamp.swift */; };
		3C9D58482A0ABCB40077C881 /* NavigationViewBootcamp.swift in Sources */ = {isa = PBXBuildFile; fileRef = 3C9D58472A0ABCB40077C881 /* NavigationViewBootcamp.swift */; };
		3CAD243929E1D00E00B2AFAE /* AnimationTimingBootcamp.swift in Sources */ = {isa = PBXBuildFile; fileRef = 3CAD243829E1D00E00B2AFAE /* AnimationTimingBootcamp.swift */; };
		3CAD243B29E1D5F000B2AFAE /* TransitionBootcamp.swift in Sources */ = {isa = PBXBuildFile; fileRef = 3CAD243A29E1D5F000B2AFAE /* TransitionBootcamp.swift */; };
		3CCE6DBD2A01875800AEEA20 /* SheetsBootcamp.swift in Sources */ = {isa = PBXBuildFile; fileRef = 3CCE6DBC2A01875800AEEA20 /* SheetsBootcamp.swift */; };
		3CCE6DC12A095D4C00AEEA20 /* PopoverBootcamp.swift in Sources */ = {isa = PBXBuildFile; fileRef = 3CCE6DC02A095D4C00AEEA20 /* PopoverBootcamp.swift */; };
		3CEBCC7729CA0EBE00D67812 /* IconsBootcamp.swift in Sources */ = {isa = PBXBuildFile; fileRef = 3CEBCC7629CA0EBE00D67812 /* IconsBootcamp.swift */; };
		3CF57DDC29D8A90F001B8CC6 /* ButtonsBootcamp.swift in Sources */ = {isa = PBXBuildFile; fileRef = 3CF57DDB29D8A90F001B8CC6 /* ButtonsBootcamp.swift */; };
/* End PBXBuildFile section */

/* Begin PBXFileReference section */
		3C03F3E229CB56DD00512FC9 /* ImageBootcamp.swift */ = {isa = PBXFileReference; lastKnownFileType = sourcecode.swift; path = ImageBootcamp.swift; sourceTree = "<group>"; };
		3C03F3E429CC757600512FC9 /* FrameBootcamp.swift */ = {isa = PBXFileReference; lastKnownFileType = sourcecode.swift; path = FrameBootcamp.swift; sourceTree = "<group>"; };
		3C03F3E629CCB06B00512FC9 /* BackgroundAndOverlayBootcamp.swift */ = {isa = PBXFileReference; lastKnownFileType = sourcecode.swift; path = BackgroundAndOverlayBootcamp.swift; sourceTree = "<group>"; };
		3C03F3E829CDF9F900512FC9 /* StacksBootcamp.swift */ = {isa = PBXFileReference; lastKnownFileType = sourcecode.swift; path = StacksBootcamp.swift; sourceTree = "<group>"; };
		3C03F3EA29D1F45C00512FC9 /* PaddingBootcamp.swift */ = {isa = PBXFileReference; lastKnownFileType = sourcecode.swift; path = PaddingBootcamp.swift; sourceTree = "<group>"; };
		3C03F3EC29D20DB400512FC9 /* SpacerBootcamp.swift */ = {isa = PBXFileReference; lastKnownFileType = sourcecode.swift; path = SpacerBootcamp.swift; sourceTree = "<group>"; };
		3C3D175429B6610600D3C86E /* SwiftfulThinkingBootcamp.app */ = {isa = PBXFileReference; explicitFileType = wrapper.application; includeInIndex = 0; path = SwiftfulThinkingBootcamp.app; sourceTree = BUILT_PRODUCTS_DIR; };
		3C3D175729B6610600D3C86E /* SwiftfulThinkingBootcampApp.swift */ = {isa = PBXFileReference; lastKnownFileType = sourcecode.swift; path = SwiftfulThinkingBootcampApp.swift; sourceTree = "<group>"; };
		3C3D175929B6610600D3C86E /* ContentView.swift */ = {isa = PBXFileReference; lastKnownFileType = sourcecode.swift; path = ContentView.swift; sourceTree = "<group>"; };
		3C3D175B29B6610700D3C86E /* Assets.xcassets */ = {isa = PBXFileReference; lastKnownFileType = folder.assetcatalog; path = Assets.xcassets; sourceTree = "<group>"; };
		3C3D175E29B6610700D3C86E /* Preview Assets.xcassets */ = {isa = PBXFileReference; lastKnownFileType = folder.assetcatalog; path = "Preview Assets.xcassets"; sourceTree = "<group>"; };
		3C3D176529B7CC5B00D3C86E /* TextBootcamp.swift */ = {isa = PBXFileReference; lastKnownFileType = sourcecode.swift; path = TextBootcamp.swift; sourceTree = "<group>"; };
		3C3D176729C39D1D00D3C86E /* ShapesBootcamp.swift */ = {isa = PBXFileReference; lastKnownFileType = sourcecode.swift; path = ShapesBootcamp.swift; sourceTree = "<group>"; };
		3C3D176929C3A58F00D3C86E /* ColorsBootcamp.swift */ = {isa = PBXFileReference; lastKnownFileType = sourcecode.swift; path = ColorsBootcamp.swift; sourceTree = "<group>"; };
		3C3D176B29C3B3F000D3C86E /* GradientsBootcamp.swift */ = {isa = PBXFileReference; lastKnownFileType = sourcecode.swift; path = GradientsBootcamp.swift; sourceTree = "<group>"; };
		3C3FE44529D46B59007F97B1 /* InitializerBootcamp.swift */ = {isa = PBXFileReference; lastKnownFileType = sourcecode.swift; path = InitializerBootcamp.swift; sourceTree = "<group>"; };
		3C4F1E312A0B75A20024697E /* ListBootcamp.swift */ = {isa = PBXFileReference; lastKnownFileType = sourcecode.swift; path = ListBootcamp.swift; sourceTree = "<group>"; };
		3C4F1E372A0EA2E30024697E /* AlertBootcamp.swift */ = {isa = PBXFileReference; lastKnownFileType = sourcecode.swift; path = AlertBootcamp.swift; sourceTree = "<group>"; };
		3C5866EF29D7577600B0522D /* GridBootcamp.swift */ = {isa = PBXFileReference; lastKnownFileType = sourcecode.swift; path = GridBootcamp.swift; sourceTree = "<group>"; };
		3C5866F129D7814A00B0522D /* SafeAreaBootcamp.swift */ = {isa = PBXFileReference; lastKnownFileType = sourcecode.swift; path = SafeAreaBootcamp.swift; sourceTree = "<group>"; };
		3C5EC89D29D73E860034D498 /* ForEachBootcamp.swift */ = {isa = PBXFileReference; lastKnownFileType = sourcecode.swift; path = ForEachBootcamp.swift; sourceTree = "<group>"; };
		3C5EC89F29D749CC0034D498 /* ScrollViewBootcamp.swift */ = {isa = PBXFileReference; lastKnownFileType = sourcecode.swift; path = ScrollViewBootcamp.swift; sourceTree = "<group>"; };
		3C798AE329DF4A9400616B11 /* AnimationsBootcamp.swift */ = {isa = PBXFileReference; lastKnownFileType = sourcecode.swift; path = AnimationsBootcamp.swift; sourceTree = "<group>"; };
		3C8346B329DC6CAE00540BB5 /* StateBootcamp.swift */ = {isa = PBXFileReference; lastKnownFileType = sourcecode.swift; path = StateBootcamp.swift; sourceTree = "<group>"; };
		3C8346B529DC70B500540BB5 /* ExtractedFunctionsBootcamp.swift */ = {isa = PBXFileReference; lastKnownFileType = sourcecode.swift; path = ExtractedFunctionsBootcamp.swift; sourceTree = "<group>"; };
		3C8346B729DC78A200540BB5 /* ExtractSubviewsBootcamp.swift */ = {isa = PBXFileReference; lastKnownFileType = sourcecode.swift; path = ExtractSubviewsBootcamp.swift; sourceTree = "<group>"; };
		3C8346B929DC7FFD00540BB5 /* BindingBootcamp.swift */ = {isa = PBXFileReference; lastKnownFileType = sourcecode.swift; path = BindingBootcamp.swift; sourceTree = "<group>"; };
		3C8346BB29DC8ACF00540BB5 /* ConditionalBootcamp.swift */ = {isa = PBXFileReference; lastKnownFileType = sourcecode.swift; path = ConditionalBootcamp.swift; sourceTree = "<group>"; };
		3C8346BD29DCA35800540BB5 /* TernaryBootcamp.swift */ = {isa = PBXFileReference; lastKnownFileType = sourcecode.swift; path = TernaryBootcamp.swift; sourceTree = "<group>"; };
		3C9D58472A0ABCB40077C881 /* NavigationViewBootcamp.swift */ = {isa = PBXFileReference; lastKnownFileType = sourcecode.swift; path = NavigationViewBootcamp.swift; sourceTree = "<group>"; };
		3CAD243829E1D00E00B2AFAE /* AnimationTimingBootcamp.swift */ = {isa = PBXFileReference; lastKnownFileType = sourcecode.swift; path = AnimationTimingBootcamp.swift; sourceTree = "<group>"; };
		3CAD243A29E1D5F000B2AFAE /* TransitionBootcamp.swift */ = {isa = PBXFileReference; lastKnownFileType = sourcecode.swift; path = TransitionBootcamp.swift; sourceTree = "<group>"; };
		3CCE6DBC2A01875800AEEA20 /* SheetsBootcamp.swift */ = {isa = PBXFileReference; lastKnownFileType = sourcecode.swift; path = SheetsBootcamp.swift; sourceTree = "<group>"; };
		3CCE6DC02A095D4C00AEEA20 /* PopoverBootcamp.swift */ = {isa = PBXFileReference; lastKnownFileType = sourcecode.swift; path = PopoverBootcamp.swift; sourceTree = "<group>"; };
		3CEBCC7629CA0EBE00D67812 /* IconsBootcamp.swift */ = {isa = PBXFileReference; lastKnownFileType = sourcecode.swift; path = IconsBootcamp.swift; sourceTree = "<group>"; };
		3CF57DDB29D8A90F001B8CC6 /* ButtonsBootcamp.swift */ = {isa = PBXFileReference; lastKnownFileType = sourcecode.swift; path = ButtonsBootcamp.swift; sourceTree = "<group>"; };
/* End PBXFileReference section */

/* Begin PBXFrameworksBuildPhase section */
		3C3D175129B6610600D3C86E /* Frameworks */ = {
			isa = PBXFrameworksBuildPhase;
			buildActionMask = 2147483647;
			files = (
			);
			runOnlyForDeploymentPostprocessing = 0;
		};
/* End PBXFrameworksBuildPhase section */

/* Begin PBXGroup section */
		3C3D174B29B6610600D3C86E = {
			isa = PBXGroup;
			children = (
				3C3D175629B6610600D3C86E /* SwiftfulThinkingBootcamp */,
				3C3D175529B6610600D3C86E /* Products */,
			);
			sourceTree = "<group>";
		};
		3C3D175529B6610600D3C86E /* Products */ = {
			isa = PBXGroup;
			children = (
				3C3D175429B6610600D3C86E /* SwiftfulThinkingBootcamp.app */,
			);
			name = Products;
			sourceTree = "<group>";
		};
		3C3D175629B6610600D3C86E /* SwiftfulThinkingBootcamp */ = {
			isa = PBXGroup;
			children = (
				3C3D175729B6610600D3C86E /* SwiftfulThinkingBootcampApp.swift */,
				3C3D175929B6610600D3C86E /* ContentView.swift */,
				3C3D176529B7CC5B00D3C86E /* TextBootcamp.swift */,
				3C3D176729C39D1D00D3C86E /* ShapesBootcamp.swift */,
				3C3D176929C3A58F00D3C86E /* ColorsBootcamp.swift */,
				3C3D176B29C3B3F000D3C86E /* GradientsBootcamp.swift */,
				3CEBCC7629CA0EBE00D67812 /* IconsBootcamp.swift */,
				3C03F3E229CB56DD00512FC9 /* ImageBootcamp.swift */,
				3C03F3E429CC757600512FC9 /* FrameBootcamp.swift */,
				3C03F3E629CCB06B00512FC9 /* BackgroundAndOverlayBootcamp.swift */,
				3C03F3E829CDF9F900512FC9 /* StacksBootcamp.swift */,
				3C03F3EA29D1F45C00512FC9 /* PaddingBootcamp.swift */,
				3C03F3EC29D20DB400512FC9 /* SpacerBootcamp.swift */,
				3C3FE44529D46B59007F97B1 /* InitializerBootcamp.swift */,
				3C5EC89D29D73E860034D498 /* ForEachBootcamp.swift */,
				3C5EC89F29D749CC0034D498 /* ScrollViewBootcamp.swift */,
				3C5866EF29D7577600B0522D /* GridBootcamp.swift */,
				3C5866F129D7814A00B0522D /* SafeAreaBootcamp.swift */,
				3CF57DDB29D8A90F001B8CC6 /* ButtonsBootcamp.swift */,
				3C8346B329DC6CAE00540BB5 /* StateBootcamp.swift */,
				3C8346B529DC70B500540BB5 /* ExtractedFunctionsBootcamp.swift */,
				3C8346B729DC78A200540BB5 /* ExtractSubviewsBootcamp.swift */,
				3C8346B929DC7FFD00540BB5 /* BindingBootcamp.swift */,
				3C8346BB29DC8ACF00540BB5 /* ConditionalBootcamp.swift */,
				3C8346BD29DCA35800540BB5 /* TernaryBootcamp.swift */,
				3C798AE329DF4A9400616B11 /* AnimationsBootcamp.swift */,
				3CAD243829E1D00E00B2AFAE /* AnimationTimingBootcamp.swift */,
				3CAD243A29E1D5F000B2AFAE /* TransitionBootcamp.swift */,
				3CCE6DBC2A01875800AEEA20 /* SheetsBootcamp.swift */,
				3CCE6DC02A095D4C00AEEA20 /* PopoverBootcamp.swift */,
				3C9D58472A0ABCB40077C881 /* NavigationViewBootcamp.swift */,
				3C4F1E312A0B75A20024697E /* ListBootcamp.swift */,
				3C4F1E372A0EA2E30024697E /* AlertBootcamp.swift */,
				3C3D175B29B6610700D3C86E /* Assets.xcassets */,
				3C3D175D29B6610700D3C86E /* Preview Content */,
			);
			path = SwiftfulThinkingBootcamp;
			sourceTree = "<group>";
		};
		3C3D175D29B6610700D3C86E /* Preview Content */ = {
			isa = PBXGroup;
			children = (
				3C3D175E29B6610700D3C86E /* Preview Assets.xcassets */,
			);
			path = "Preview Content";
			sourceTree = "<group>";
		};
/* End PBXGroup section */

/* Begin PBXNativeTarget section */
		3C3D175329B6610600D3C86E /* SwiftfulThinkingBootcamp */ = {
			isa = PBXNativeTarget;
			buildConfigurationList = 3C3D176229B6610700D3C86E /* Build configuration list for PBXNativeTarget "SwiftfulThinkingBootcamp" */;
			buildPhases = (
				3C3D175029B6610600D3C86E /* Sources */,
				3C3D175129B6610600D3C86E /* Frameworks */,
				3C3D175229B6610600D3C86E /* Resources */,
			);
			buildRules = (
			);
			dependencies = (
			);
			name = SwiftfulThinkingBootcamp;
			productName = SwiftfulThinkingBootcamp;
			productReference = 3C3D175429B6610600D3C86E /* SwiftfulThinkingBootcamp.app */;
			productType = "com.apple.product-type.application";
		};
/* End PBXNativeTarget section */

/* Begin PBXProject section */
		3C3D174C29B6610600D3C86E /* Project object */ = {
			isa = PBXProject;
			attributes = {
				BuildIndependentTargetsInParallel = 1;
				LastSwiftUpdateCheck = 1420;
				LastUpgradeCheck = 1420;
				TargetAttributes = {
					3C3D175329B6610600D3C86E = {
						CreatedOnToolsVersion = 14.2;
					};
				};
			};
			buildConfigurationList = 3C3D174F29B6610600D3C86E /* Build configuration list for PBXProject "SwiftfulThinkingBootcamp" */;
			compatibilityVersion = "Xcode 14.0";
			developmentRegion = en;
			hasScannedForEncodings = 0;
			knownRegions = (
				en,
				Base,
			);
			mainGroup = 3C3D174B29B6610600D3C86E;
			productRefGroup = 3C3D175529B6610600D3C86E /* Products */;
			projectDirPath = "";
			projectRoot = "";
			targets = (
				3C3D175329B6610600D3C86E /* SwiftfulThinkingBootcamp */,
			);
		};
/* End PBXProject section */

/* Begin PBXResourcesBuildPhase section */
		3C3D175229B6610600D3C86E /* Resources */ = {
			isa = PBXResourcesBuildPhase;
			buildActionMask = 2147483647;
			files = (
				3C3D175F29B6610700D3C86E /* Preview Assets.xcassets in Resources */,
				3C3D175C29B6610700D3C86E /* Assets.xcassets in Resources */,
			);
			runOnlyForDeploymentPostprocessing = 0;
		};
/* End PBXResourcesBuildPhase section */

/* Begin PBXSourcesBuildPhase section */
		3C3D175029B6610600D3C86E /* Sources */ = {
			isa = PBXSourcesBuildPhase;
			buildActionMask = 2147483647;
			files = (
				3CCE6DBD2A01875800AEEA20 /* SheetsBootcamp.swift in Sources */,
				3C8346B429DC6CAE00540BB5 /* StateBootcamp.swift in Sources */,
				3C3D176C29C3B3F000D3C86E /* GradientsBootcamp.swift in Sources */,
				3C03F3E729CCB06B00512FC9 /* BackgroundAndOverlayBootcamp.swift in Sources */,
				3C5EC8A029D749CC0034D498 /* ScrollViewBootcamp.swift in Sources */,
				3C3D176A29C3A58F00D3C86E /* ColorsBootcamp.swift in Sources */,
				3C03F3E529CC757600512FC9 /* FrameBootcamp.swift in Sources */,
				3C8346B829DC78A200540BB5 /* ExtractSubviewsBootcamp.swift in Sources */,
				3C03F3EB29D1F45C00512FC9 /* PaddingBootcamp.swift in Sources */,
				3C8346B629DC70B500540BB5 /* ExtractedFunctionsBootcamp.swift in Sources */,
				3C3FE44629D46B59007F97B1 /* InitializerBootcamp.swift in Sources */,
				3C8346BE29DCA35800540BB5 /* TernaryBootcamp.swift in Sources */,
				3C4F1E382A0EA2E30024697E /* AlertBootcamp.swift in Sources */,
				3C3D176829C39D1D00D3C86E /* ShapesBootcamp.swift in Sources */,
				3CF57DDC29D8A90F001B8CC6 /* ButtonsBootcamp.swift in Sources */,
				3CAD243929E1D00E00B2AFAE /* AnimationTimingBootcamp.swift in Sources */,
				3C5866F229D7814A00B0522D /* SafeAreaBootcamp.swift in Sources */,
				3C3D175A29B6610600D3C86E /* ContentView.swift in Sources */,
				3C5EC89E29D73E860034D498 /* ForEachBootcamp.swift in Sources */,
				3C3D176629B7CC5B00D3C86E /* TextBootcamp.swift in Sources */,
				3C798AE429DF4A9400616B11 /* AnimationsBootcamp.swift in Sources */,
				3CAD243B29E1D5F000B2AFAE /* TransitionBootcamp.swift in Sources */,
				3C3D175829B6610600D3C86E /* SwiftfulThinkingBootcampApp.swift in Sources */,
				3CCE6DC12A095D4C00AEEA20 /* PopoverBootcamp.swift in Sources */,
				3C03F3E929CDF9F900512FC9 /* StacksBootcamp.swift in Sources */,
				3C8346BA29DC7FFD00540BB5 /* BindingBootcamp.swift in Sources */,
				3C03F3ED29D20DB400512FC9 /* SpacerBootcamp.swift in Sources */,
				3C5866F029D7577600B0522D /* GridBootcamp.swift in Sources */,
				3C9D58482A0ABCB40077C881 /* NavigationViewBootcamp.swift in Sources */,
				3C8346BC29DC8ACF00540BB5 /* ConditionalBootcamp.swift in Sources */,
				3C03F3E329CB56DD00512FC9 /* ImageBootcamp.swift in Sources */,
				3C4F1E322A0B75A20024697E /* ListBootcamp.swift in Sources */,
				3CEBCC7729CA0EBE00D67812 /* IconsBootcamp.swift in Sources */,
			);
			runOnlyForDeploymentPostprocessing = 0;
		};
/* End PBXSourcesBuildPhase section */

/* Begin XCBuildConfiguration section */
		3C3D176029B6610700D3C86E /* Debug */ = {
			isa = XCBuildConfiguration;
			buildSettings = {
				ALWAYS_SEARCH_USER_PATHS = NO;
				CLANG_ANALYZER_NONNULL = YES;
				CLANG_ANALYZER_NUMBER_OBJECT_CONVERSION = YES_AGGRESSIVE;
				CLANG_CXX_LANGUAGE_STANDARD = "gnu++20";
				CLANG_ENABLE_MODULES = YES;
				CLANG_ENABLE_OBJC_ARC = YES;
				CLANG_ENABLE_OBJC_WEAK = YES;
				CLANG_WARN_BLOCK_CAPTURE_AUTORELEASING = YES;
				CLANG_WARN_BOOL_CONVERSION = YES;
				CLANG_WARN_COMMA = YES;
				CLANG_WARN_CONSTANT_CONVERSION = YES;
				CLANG_WARN_DEPRECATED_OBJC_IMPLEMENTATIONS = YES;
				CLANG_WARN_DIRECT_OBJC_ISA_USAGE = YES_ERROR;
				CLANG_WARN_DOCUMENTATION_COMMENTS = YES;
				CLANG_WARN_EMPTY_BODY = YES;
				CLANG_WARN_ENUM_CONVERSION = YES;
				CLANG_WARN_INFINITE_RECURSION = YES;
				CLANG_WARN_INT_CONVERSION = YES;
				CLANG_WARN_NON_LITERAL_NULL_CONVERSION = YES;
				CLANG_WARN_OBJC_IMPLICIT_RETAIN_SELF = YES;
				CLANG_WARN_OBJC_LITERAL_CONVERSION = YES;
				CLANG_WARN_OBJC_ROOT_CLASS = YES_ERROR;
				CLANG_WARN_QUOTED_INCLUDE_IN_FRAMEWORK_HEADER = YES;
				CLANG_WARN_RANGE_LOOP_ANALYSIS = YES;
				CLANG_WARN_STRICT_PROTOTYPES = YES;
				CLANG_WARN_SUSPICIOUS_MOVE = YES;
				CLANG_WARN_UNGUARDED_AVAILABILITY = YES_AGGRESSIVE;
				CLANG_WARN_UNREACHABLE_CODE = YES;
				CLANG_WARN__DUPLICATE_METHOD_MATCH = YES;
				COPY_PHASE_STRIP = NO;
				DEBUG_INFORMATION_FORMAT = dwarf;
				ENABLE_STRICT_OBJC_MSGSEND = YES;
				ENABLE_TESTABILITY = YES;
				GCC_C_LANGUAGE_STANDARD = gnu11;
				GCC_DYNAMIC_NO_PIC = NO;
				GCC_NO_COMMON_BLOCKS = YES;
				GCC_OPTIMIZATION_LEVEL = 0;
				GCC_PREPROCESSOR_DEFINITIONS = (
					"DEBUG=1",
					"$(inherited)",
				);
				GCC_WARN_64_TO_32_BIT_CONVERSION = YES;
				GCC_WARN_ABOUT_RETURN_TYPE = YES_ERROR;
				GCC_WARN_UNDECLARED_SELECTOR = YES;
				GCC_WARN_UNINITIALIZED_AUTOS = YES_AGGRESSIVE;
				GCC_WARN_UNUSED_FUNCTION = YES;
				GCC_WARN_UNUSED_VARIABLE = YES;
				IPHONEOS_DEPLOYMENT_TARGET = 16.2;
				MTL_ENABLE_DEBUG_INFO = INCLUDE_SOURCE;
				MTL_FAST_MATH = YES;
				ONLY_ACTIVE_ARCH = YES;
				SDKROOT = iphoneos;
				SWIFT_ACTIVE_COMPILATION_CONDITIONS = DEBUG;
				SWIFT_OPTIMIZATION_LEVEL = "-Onone";
			};
			name = Debug;
		};
		3C3D176129B6610700D3C86E /* Release */ = {
			isa = XCBuildConfiguration;
			buildSettings = {
				ALWAYS_SEARCH_USER_PATHS = NO;
				CLANG_ANALYZER_NONNULL = YES;
				CLANG_ANALYZER_NUMBER_OBJECT_CONVERSION = YES_AGGRESSIVE;
				CLANG_CXX_LANGUAGE_STANDARD = "gnu++20";
				CLANG_ENABLE_MODULES = YES;
				CLANG_ENABLE_OBJC_ARC = YES;
				CLANG_ENABLE_OBJC_WEAK = YES;
				CLANG_WARN_BLOCK_CAPTURE_AUTORELEASING = YES;
				CLANG_WARN_BOOL_CONVERSION = YES;
				CLANG_WARN_COMMA = YES;
				CLANG_WARN_CONSTANT_CONVERSION = YES;
				CLANG_WARN_DEPRECATED_OBJC_IMPLEMENTATIONS = YES;
				CLANG_WARN_DIRECT_OBJC_ISA_USAGE = YES_ERROR;
				CLANG_WARN_DOCUMENTATION_COMMENTS = YES;
				CLANG_WARN_EMPTY_BODY = YES;
				CLANG_WARN_ENUM_CONVERSION = YES;
				CLANG_WARN_INFINITE_RECURSION = YES;
				CLANG_WARN_INT_CONVERSION = YES;
				CLANG_WARN_NON_LITERAL_NULL_CONVERSION = YES;
				CLANG_WARN_OBJC_IMPLICIT_RETAIN_SELF = YES;
				CLANG_WARN_OBJC_LITERAL_CONVERSION = YES;
				CLANG_WARN_OBJC_ROOT_CLASS = YES_ERROR;
				CLANG_WARN_QUOTED_INCLUDE_IN_FRAMEWORK_HEADER = YES;
				CLANG_WARN_RANGE_LOOP_ANALYSIS = YES;
				CLANG_WARN_STRICT_PROTOTYPES = YES;
				CLANG_WARN_SUSPICIOUS_MOVE = YES;
				CLANG_WARN_UNGUARDED_AVAILABILITY = YES_AGGRESSIVE;
				CLANG_WARN_UNREACHABLE_CODE = YES;
				CLANG_WARN__DUPLICATE_METHOD_MATCH = YES;
				COPY_PHASE_STRIP = NO;
				DEBUG_INFORMATION_FORMAT = "dwarf-with-dsym";
				ENABLE_NS_ASSERTIONS = NO;
				ENABLE_STRICT_OBJC_MSGSEND = YES;
				GCC_C_LANGUAGE_STANDARD = gnu11;
				GCC_NO_COMMON_BLOCKS = YES;
				GCC_WARN_64_TO_32_BIT_CONVERSION = YES;
				GCC_WARN_ABOUT_RETURN_TYPE = YES_ERROR;
				GCC_WARN_UNDECLARED_SELECTOR = YES;
				GCC_WARN_UNINITIALIZED_AUTOS = YES_AGGRESSIVE;
				GCC_WARN_UNUSED_FUNCTION = YES;
				GCC_WARN_UNUSED_VARIABLE = YES;
				IPHONEOS_DEPLOYMENT_TARGET = 16.2;
				MTL_ENABLE_DEBUG_INFO = NO;
				MTL_FAST_MATH = YES;
				SDKROOT = iphoneos;
				SWIFT_COMPILATION_MODE = wholemodule;
				SWIFT_OPTIMIZATION_LEVEL = "-O";
				VALIDATE_PRODUCT = YES;
			};
			name = Release;
		};
		3C3D176329B6610700D3C86E /* Debug */ = {
			isa = XCBuildConfiguration;
			buildSettings = {
				ASSETCATALOG_COMPILER_APPICON_NAME = AppIcon;
				ASSETCATALOG_COMPILER_GLOBAL_ACCENT_COLOR_NAME = AccentColor;
				CODE_SIGN_STYLE = Automatic;
				CURRENT_PROJECT_VERSION = 1;
				DEVELOPMENT_ASSET_PATHS = "\"SwiftfulThinkingBootcamp/Preview Content\"";
				ENABLE_PREVIEWS = YES;
				GENERATE_INFOPLIST_FILE = YES;
				INFOPLIST_KEY_CFBundleDisplayName = Bootcamp;
				INFOPLIST_KEY_UIApplicationSceneManifest_Generation = YES;
				INFOPLIST_KEY_UIApplicationSupportsIndirectInputEvents = YES;
				INFOPLIST_KEY_UILaunchScreen_Generation = YES;
				INFOPLIST_KEY_UISupportedInterfaceOrientations_iPad = "UIInterfaceOrientationPortrait UIInterfaceOrientationPortraitUpsideDown UIInterfaceOrientationLandscapeLeft UIInterfaceOrientationLandscapeRight";
				INFOPLIST_KEY_UISupportedInterfaceOrientations_iPhone = "UIInterfaceOrientationPortrait UIInterfaceOrientationLandscapeLeft UIInterfaceOrientationLandscapeRight";
				LD_RUNPATH_SEARCH_PATHS = (
					"$(inherited)",
					"@executable_path/Frameworks",
				);
				MARKETING_VERSION = 1.0;
				PRODUCT_BUNDLE_IDENTIFIER = com.jobin.SwiftfulThinkingBootcamp;
				PRODUCT_NAME = "$(TARGET_NAME)";
				SWIFT_EMIT_LOC_STRINGS = YES;
				SWIFT_VERSION = 5.0;
				TARGETED_DEVICE_FAMILY = "1,2";
			};
			name = Debug;
		};
		3C3D176429B6610700D3C86E /* Release */ = {
			isa = XCBuildConfiguration;
			buildSettings = {
				ASSETCATALOG_COMPILER_APPICON_NAME = AppIcon;
				ASSETCATALOG_COMPILER_GLOBAL_ACCENT_COLOR_NAME = AccentColor;
				CODE_SIGN_STYLE = Automatic;
				CURRENT_PROJECT_VERSION = 1;
				DEVELOPMENT_ASSET_PATHS = "\"SwiftfulThinkingBootcamp/Preview Content\"";
				ENABLE_PREVIEWS = YES;
				GENERATE_INFOPLIST_FILE = YES;
				INFOPLIST_KEY_CFBundleDisplayName = Bootcamp;
				INFOPLIST_KEY_UIApplicationSceneManifest_Generation = YES;
				INFOPLIST_KEY_UIApplicationSupportsIndirectInputEvents = YES;
				INFOPLIST_KEY_UILaunchScreen_Generation = YES;
				INFOPLIST_KEY_UISupportedInterfaceOrientations_iPad = "UIInterfaceOrientationPortrait UIInterfaceOrientationPortraitUpsideDown UIInterfaceOrientationLandscapeLeft UIInterfaceOrientationLandscapeRight";
				INFOPLIST_KEY_UISupportedInterfaceOrientations_iPhone = "UIInterfaceOrientationPortrait UIInterfaceOrientationLandscapeLeft UIInterfaceOrientationLandscapeRight";
				LD_RUNPATH_SEARCH_PATHS = (
					"$(inherited)",
					"@executable_path/Frameworks",
				);
				MARKETING_VERSION = 1.0;
				PRODUCT_BUNDLE_IDENTIFIER = com.jobin.SwiftfulThinkingBootcamp;
				PRODUCT_NAME = "$(TARGET_NAME)";
				SWIFT_EMIT_LOC_STRINGS = YES;
				SWIFT_VERSION = 5.0;
				TARGETED_DEVICE_FAMILY = "1,2";
			};
			name = Release;
		};
/* End XCBuildConfiguration section */

/* Begin XCConfigurationList section */
		3C3D174F29B6610600D3C86E /* Build configuration list for PBXProject "SwiftfulThinkingBootcamp" */ = {
			isa = XCConfigurationList;
			buildConfigurations = (
				3C3D176029B6610700D3C86E /* Debug */,
				3C3D176129B6610700D3C86E /* Release */,
			);
			defaultConfigurationIsVisible = 0;
			defaultConfigurationName = Release;
		};
		3C3D176229B6610700D3C86E /* Build configuration list for PBXNativeTarget "SwiftfulThinkingBootcamp" */ = {
			isa = XCConfigurationList;
			buildConfigurations = (
				3C3D176329B6610700D3C86E /* Debug */,
				3C3D176429B6610700D3C86E /* Release */,
			);
			defaultConfigurationIsVisible = 0;
			defaultConfigurationName = Release;
		};
/* End XCConfigurationList section */
	};
	rootObject = 3C3D174C29B6610600D3C86E /* Project object */;
}
